<?xml version="1.0" encoding="UTF-8" standalone="yes" ?>
<CodeBlocks_project_file>
	<FileVersion major="1" minor="6" />
	<Project>
		<Option title="projet-csi3-9" />
		<Option pch_mode="2" />
		<Option compiler="gcc" />
		<Build>
			<Target title="Debug">
				<Option output="bin\Debug\projet-csi3-9" prefix_auto="1" extension_auto="1" />
				<Option object_output="obj\Debug\" />
				<Option type="1" />
				<Option compiler="gcc" />
				<Compiler>
					<Add option="-g" />
				</Compiler>
			</Target>
			<Target title="Release">
				<Option output="bin\Release\projet-csi3-9" prefix_auto="1" extension_auto="1" />
				<Option object_output="obj\Release\" />
				<Option type="1" />
				<Option compiler="gcc" />
				<Compiler>
					<Add option="-O2" />
				</Compiler>
				<Linker>
					<Add option="-s" />
				</Linker>
			</Target>
		</Build>
		<Compiler>
			<Add option="-Wall" />
		</Compiler>
		<Unit filename="affichage.c">
			<Option compilerVar="CC" />
		</Unit>
		<Unit filename="affichage.h" />
		<Unit filename="calcul.c">
			<Option compilerVar="CC" />
		</Unit>
		<Unit filename="calcul.h" />
		<Unit filename="divers.c">
			<Option compilerVar="CC" />
		</Unit>
		<Unit filename="divers.h" />
		<Unit filename="filtreFIR.c">
			<Option compilerVar="CC" />
		</Unit>
		<Unit filename="filtreFIR.h" />
		<Unit filename="filtreIIR.c">
			<Option compilerVar="CC" />
		</Unit>
		<Unit filename="filtreIIR.h" />
		<Unit filename="lecture.c">
			<Option compilerVar="CC" />
		</Unit>
		<Unit filename="lecture.h" />
		<Unit filename="main.c">
			<Option compilerVar="CC" />
		</Unit>
		<Unit filename="menu.c">
			<Option compilerVar="CC" />
		</Unit>
		<Unit filename="menu.h" />
		<Unit filename="record1.dat" />
		<Unit filename="record1_c.dat" />
		<Unit filename="record1_f1.dat" />
		<Unit filename="record1_f2.dat" />
		<Unit filename="record2.dat" />
		<Unit filename="record2_c.dat" />
		<Unit filename="record2_f1.dat" />
		<Unit filename="record2_f2.dat" />
		<Unit filename="record3.dat" />
		<Unit filename="record4.dat" />
		<Unit filename="record4_center.dat" />
		<Unit filename="record4_fir.dat" />
		<Unit filename="record4_iir.dat" />
		<Unit filename="record4_raw.dat" />
		<Unit filename="record5.dat" />
		<Unit filename="record5_center.dat" />
		<Unit filename="record5_fir.dat" />
		<Unit filename="record5_iir.dat" />
		<Unit filename="record_test_affichage.dat" />
		<Unit filename="record_test_calcul.dat" />
		<Unit filename="record_test_calcul_resultat.dat" />
		<Unit filename="record_test_centrage.dat" />
		<Unit filename="record_test_centrage_resultat.dat" />
		<Unit filename="record_test_filreFIR.dat" />
		<Unit filename="record_test_filreFIR_resultat.dat" />
		<Unit filename="record_test_filreIIR.dat" />
		<Unit filename="record_test_filreIIR_resultat.dat" />
		<Unit filename="recordtest.dat" />
		<Unit filename="test_c.dat" />
		<Unit filename="test_f1.dat" />
		<Unit filename="test_f2.dat" />
		<Extensions>
			<code_completion />
			<debugger />
		</Extensions>
	</Project>
</CodeBlocks_project_file>
